
Microsoft Visual Studio Solution File, Format Version 12.00
# Visual Studio Version 17
VisualStudioVersion = 17.7.34031.279
MinimumVisualStudioVersion = 10.0.40219.1
Project("{9A19103F-16F7-4668-BE54-9A1E7A4F7556}") = "Kreta.Backend", "Kreta.Backend\Kreta.Backend.csproj", "{955D19EC-232A-4421-A22F-879CE20EE61A}"
EndProject
Project("{9A19103F-16F7-4668-BE54-9A1E7A4F7556}") = "Kreta.Desktop", "Kreta.Desktop\Kreta.Desktop.csproj", "{BF0EC016-B7FF-438B-A828-0C3F514FBAFA}"
EndProject
Project("{9A19103F-16F7-4668-BE54-9A1E7A4F7556}") = "Kreta.HttpService", "Kreta.HttpService\Kreta.HttpService.csproj", "{3B75EA4D-59A8-4C57-A98D-9AF194750D48}"
EndProject
Project("{9A19103F-16F7-4668-BE54-9A1E7A4F7556}") = "Kreta.Shared", "Kreta.Shared\Kreta.Shared.csproj", "{27ABF1DB-F4A3-4D8B-B6E8-0E50B5537EB7}"
EndProject
Global
	GlobalSection(SolutionConfigurationPlatforms) = preSolution
		Debug|Any CPU = Debug|Any CPU
		Release|Any CPU = Release|Any CPU
	EndGlobalSection
	GlobalSection(ProjectConfigurationPlatforms) = postSolution
		{955D19EC-232A-4421-A22F-879CE20EE61A}.Debug|Any CPU.ActiveCfg = Debug|Any CPU
		{955D19EC-232A-4421-A22F-879CE20EE61A}.Debug|Any CPU.Build.0 = Debug|Any CPU
		{955D19EC-232A-4421-A22F-879CE20EE61A}.Release|Any CPU.ActiveCfg = Release|Any CPU
		{955D19EC-232A-4421-A22F-879CE20EE61A}.Release|Any CPU.Build.0 = Release|Any CPU
		{BF0EC016-B7FF-438B-A828-0C3F514FBAFA}.Debug|Any CPU.ActiveCfg = Debug|Any CPU
		{BF0EC016-B7FF-438B-A828-0C3F514FBAFA}.Debug|Any CPU.Build.0 = Debug|Any CPU
		{BF0EC016-B7FF-438B-A828-0C3F514FBAFA}.Release|Any CPU.ActiveCfg = Release|Any CPU
		{BF0EC016-B7FF-438B-A828-0C3F514FBAFA}.Release|Any CPU.Build.0 = Release|Any CPU
		{3B75EA4D-59A8-4C57-A98D-9AF194750D48}.Debug|Any CPU.ActiveCfg = Debug|Any CPU
		{3B75EA4D-59A8-4C57-A98D-9AF194750D48}.Debug|Any CPU.Build.0 = Debug|Any CPU
		{3B75EA4D-59A8-4C57-A98D-9AF194750D48}.Release|Any CPU.ActiveCfg = Release|Any CPU
		{3B75EA4D-59A8-4C57-A98D-9AF194750D48}.Release|Any CPU.Build.0 = Release|Any CPU
		{27ABF1DB-F4A3-4D8B-B6E8-0E50B5537EB7}.Debug|Any CPU.ActiveCfg = Debug|Any CPU
		{27ABF1DB-F4A3-4D8B-B6E8-0E50B5537EB7}.Debug|Any CPU.Build.0 = Debug|Any CPU
		{27ABF1DB-F4A3-4D8B-B6E8-0E50B5537EB7}.Release|Any CPU.ActiveCfg = Release|Any CPU
		{27ABF1DB-F4A3-4D8B-B6E8-0E50B5537EB7}.Release|Any CPU.Build.0 = Release|Any CPU
	EndGlobalSection
	GlobalSection(SolutionProperties) = preSolution
		HideSolutionNode = FALSE
	EndGlobalSection
	GlobalSection(ExtensibilityGlobals) = postSolution
		SolutionGuid = {9C179095-168D-4574-867F-FFE82F7891F9}
	EndGlobalSection
EndGlobal
